
Microsoft Visual Studio Solution File, Format Version 12.00
# Visual Studio Version 17
VisualStudioVersion = 17.5.33516.290
MinimumVisualStudioVersion = 10.0.40219.1
Project("{9A19103F-16F7-4668-BE54-9A1E7A4F7556}") = "League.Domein", "League.Domein\League.Domein.csproj", "{5F4F60ED-B469-4244-B581-243BC397E77B}"
EndProject
Project("{9A19103F-16F7-4668-BE54-9A1E7A4F7556}") = "League.Startup", "League.Startup\League.Startup.csproj", "{D6B82E13-7B70-4B91-91C8-9BEB23ED009F}"
EndProject
Project("{9A19103F-16F7-4668-BE54-9A1E7A4F7556}") = "League.CUI", "League.CUI\League.CUI.csproj", "{3E52A1F1-44A4-4AD4-B4B2-D752669C61F9}"
EndProject
Project("{9A19103F-16F7-4668-BE54-9A1E7A4F7556}") = "TestDomein", "TestDomein\TestDomein.csproj", "{07D21571-4841-4B5D-AA56-8EFD169DBADB}"
EndProject
Project("{FAE04EC0-301F-11D3-BF4B-00C04F79EFBC}") = "League.UI", "League.UI\League.UI.csproj", "{78C2F261-DBB8-4C1D-B9C7-60F63D8B85DA}"
EndProject
Global
	GlobalSection(SolutionConfigurationPlatforms) = preSolution
		Debug|Any CPU = Debug|Any CPU
		Release|Any CPU = Release|Any CPU
	EndGlobalSection
	GlobalSection(ProjectConfigurationPlatforms) = postSolution
		{5F4F60ED-B469-4244-B581-243BC397E77B}.Debug|Any CPU.ActiveCfg = Debug|Any CPU
		{5F4F60ED-B469-4244-B581-243BC397E77B}.Debug|Any CPU.Build.0 = Debug|Any CPU
		{5F4F60ED-B469-4244-B581-243BC397E77B}.Release|Any CPU.ActiveCfg = Release|Any CPU
		{5F4F60ED-B469-4244-B581-243BC397E77B}.Release|Any CPU.Build.0 = Release|Any CPU
		{D6B82E13-7B70-4B91-91C8-9BEB23ED009F}.Debug|Any CPU.ActiveCfg = Debug|Any CPU
		{D6B82E13-7B70-4B91-91C8-9BEB23ED009F}.Debug|Any CPU.Build.0 = Debug|Any CPU
		{D6B82E13-7B70-4B91-91C8-9BEB23ED009F}.Release|Any CPU.ActiveCfg = Release|Any CPU
		{D6B82E13-7B70-4B91-91C8-9BEB23ED009F}.Release|Any CPU.Build.0 = Release|Any CPU
		{3E52A1F1-44A4-4AD4-B4B2-D752669C61F9}.Debug|Any CPU.ActiveCfg = Debug|Any CPU
		{3E52A1F1-44A4-4AD4-B4B2-D752669C61F9}.Debug|Any CPU.Build.0 = Debug|Any CPU
		{3E52A1F1-44A4-4AD4-B4B2-D752669C61F9}.Release|Any CPU.ActiveCfg = Release|Any CPU
		{3E52A1F1-44A4-4AD4-B4B2-D752669C61F9}.Release|Any CPU.Build.0 = Release|Any CPU
		{07D21571-4841-4B5D-AA56-8EFD169DBADB}.Debug|Any CPU.ActiveCfg = Debug|Any CPU
		{07D21571-4841-4B5D-AA56-8EFD169DBADB}.Debug|Any CPU.Build.0 = Debug|Any CPU
		{07D21571-4841-4B5D-AA56-8EFD169DBADB}.Release|Any CPU.ActiveCfg = Release|Any CPU
		{07D21571-4841-4B5D-AA56-8EFD169DBADB}.Release|Any CPU.Build.0 = Release|Any CPU
		{78C2F261-DBB8-4C1D-B9C7-60F63D8B85DA}.Debug|Any CPU.ActiveCfg = Debug|Any CPU
		{78C2F261-DBB8-4C1D-B9C7-60F63D8B85DA}.Debug|Any CPU.Build.0 = Debug|Any CPU
		{78C2F261-DBB8-4C1D-B9C7-60F63D8B85DA}.Release|Any CPU.ActiveCfg = Release|Any CPU
		{78C2F261-DBB8-4C1D-B9C7-60F63D8B85DA}.Release|Any CPU.Build.0 = Release|Any CPU
	EndGlobalSection
	GlobalSection(SolutionProperties) = preSolution
		HideSolutionNode = FALSE
	EndGlobalSection
	GlobalSection(ExtensibilityGlobals) = postSolution
		SolutionGuid = {0404B85A-29BC-4A39-ABEA-007F784573DB}
	EndGlobalSection
EndGlobal
